// !$*UTF8*$!
{
	archiveVersion = 1;
	classes = {
	};
	objectVersion = 46;
	objects = {

/* Begin PBXBuildFile section */
		84A6DCCA1779B9190063F521 /* MTSMenuViewController.m in Sources */ = {isa = PBXBuildFile; fileRef = 84A6DCC81779B9190063F521 /* MTSMenuViewController.m */; };
		84A6DCCB1779B9190063F521 /* MTSMenuViewController.xib in Resources */ = {isa = PBXBuildFile; fileRef = 84A6DCC91779B9190063F521 /* MTSMenuViewController.xib */; };
		84B07DFC17730BBE009742B8 /* MTSRecorderViewController.m in Sources */ = {isa = PBXBuildFile; fileRef = 84B07DFA17730BBE009742B8 /* MTSRecorderViewController.m */; };
		84B07DFD17730BBE009742B8 /* MTSRecorderViewController.xib in Resources */ = {isa = PBXBuildFile; fileRef = 84B07DFB17730BBE009742B8 /* MTSRecorderViewController.xib */; };
		84B17AE61771E07900DE86A7 /* AVFoundation.framework in Frameworks */ = {isa = PBXBuildFile; fileRef = 84B17AE51771E07900DE86A7 /* AVFoundation.framework */; };
		84B17AE91771E11F00DE86A7 /* jingle.mp3 in Resources */ = {isa = PBXBuildFile; fileRef = 84B17AE81771E11F00DE86A7 /* jingle.mp3 */; };
		84B17AEC1771E41500DE86A7 /* MTSAudioManager.m in Sources */ = {isa = PBXBuildFile; fileRef = 84B17AEB1771E41500DE86A7 /* MTSAudioManager.m */; };
		84B17AF5177201FB00DE86A7 /* MTSLogInViewController.m in Sources */ = {isa = PBXBuildFile; fileRef = 84B17AF3177201FB00DE86A7 /* MTSLogInViewController.m */; };
		84B17AF6177201FB00DE86A7 /* MTSLogInViewController.xib in Resources */ = {isa = PBXBuildFile; fileRef = 84B17AF4177201FB00DE86A7 /* MTSLogInViewController.xib */; };
		84B17AF91772041900DE86A7 /* MTSCoreDataManager.m in Sources */ = {isa = PBXBuildFile; fileRef = 84B17AF81772041900DE86A7 /* MTSCoreDataManager.m */; };
		84B17AFB177204B200DE86A7 /* CoreData.framework in Frameworks */ = {isa = PBXBuildFile; fileRef = 84B17AFA177204B200DE86A7 /* CoreData.framework */; };
		84B17B041772082300DE86A7 /* MTSRegisterViewController.m in Sources */ = {isa = PBXBuildFile; fileRef = 84B17B021772082300DE86A7 /* MTSRegisterViewController.m */; };
		84B17B051772082300DE86A7 /* MTSRegisterViewController.xib in Resources */ = {isa = PBXBuildFile; fileRef = 84B17B031772082300DE86A7 /* MTSRegisterViewController.xib */; };
		84B17B0B17720D3D00DE86A7 /* MTSDrawingViewController.m in Sources */ = {isa = PBXBuildFile; fileRef = 84B17B0917720D3D00DE86A7 /* MTSDrawingViewController.m */; };
		84B17B0C17720D3D00DE86A7 /* MTSDrawingViewController.xib in Resources */ = {isa = PBXBuildFile; fileRef = 84B17B0A17720D3D00DE86A7 /* MTSDrawingViewController.xib */; };
		84B17B241772100D00DE86A7 /* b.png in Resources */ = {isa = PBXBuildFile; fileRef = 84B17B0E1772100D00DE86A7 /* b.png */; };
		84B17B251772100D00DE86A7 /* Black.png in Resources */ = {isa = PBXBuildFile; fileRef = 84B17B0F1772100D00DE86A7 /* Black.png */; };
		84B17B261772100D00DE86A7 /* Blue.png in Resources */ = {isa = PBXBuildFile; fileRef = 84B17B101772100D00DE86A7 /* Blue.png */; };
		84B17B271772100D00DE86A7 /* Brown.png in Resources */ = {isa = PBXBuildFile; fileRef = 84B17B111772100D00DE86A7 /* Brown.png */; };
		84B17B281772100D00DE86A7 /* Custom-Color.png in Resources */ = {isa = PBXBuildFile; fileRef = 84B17B121772100D00DE86A7 /* Custom-Color.png */; };
		84B17B291772100D00DE86A7 /* DarkGreen.png in Resources */ = {isa = PBXBuildFile; fileRef = 84B17B131772100D00DE86A7 /* DarkGreen.png */; };
		84B17B2A1772100D00DE86A7 /* DarkOrange.png in Resources */ = {isa = PBXBuildFile; fileRef = 84B17B141772100D00DE86A7 /* DarkOrange.png */; };
		84B17B2B1772100D00DE86A7 /* Eraser.png in Resources */ = {isa = PBXBuildFile; fileRef = 84B17B151772100D00DE86A7 /* Eraser.png */; };
		84B17B2C1772100D00DE86A7 /* g.png in Resources */ = {isa = PBXBuildFile; fileRef = 84B17B161772100D00DE86A7 /* g.png */; };
		84B17B2D1772100D00DE86A7 /* Grey.png in Resources */ = {isa = PBXBuildFile; fileRef = 84B17B171772100D00DE86A7 /* Grey.png */; };
		84B17B2E1772100D00DE86A7 /* LightBlue.png in Resources */ = {isa = PBXBuildFile; fileRef = 84B17B181772100D00DE86A7 /* LightBlue.png */; };
		84B17B2F1772100D00DE86A7 /* LightGreen.png in Resources */ = {isa = PBXBuildFile; fileRef = 84B17B191772100D00DE86A7 /* LightGreen.png */; };
		84B17B301772100D00DE86A7 /* Opacity.png in Resources */ = {isa = PBXBuildFile; fileRef = 84B17B1A1772100D00DE86A7 /* Opacity.png */; };
		84B17B311772100D00DE86A7 /* r.png in Resources */ = {isa = PBXBuildFile; fileRef = 84B17B1B1772100D00DE86A7 /* r.png */; };
		84B17B321772100D00DE86A7 /* Red.png in Resources */ = {isa = PBXBuildFile; fileRef = 84B17B1C1772100D00DE86A7 /* Red.png */; };
		84B17B331772100D00DE86A7 /* reset-Small.png in Resources */ = {isa = PBXBuildFile; fileRef = 84B17B1D1772100D00DE86A7 /* reset-Small.png */; };
		84B17B341772100D00DE86A7 /* Save-Small.png in Resources */ = {isa = PBXBuildFile; fileRef = 84B17B1E1772100D00DE86A7 /* Save-Small.png */; };
		84B17B351772100D00DE86A7 /* Setting-1.png in Resources */ = {isa = PBXBuildFile; fileRef = 84B17B1F1772100D00DE86A7 /* Setting-1.png */; };
		84B17B361772100D00DE86A7 /* Setting-2.png in Resources */ = {isa = PBXBuildFile; fileRef = 84B17B201772100D00DE86A7 /* Setting-2.png */; };
		84B17B371772100D00DE86A7 /* thickness.png in Resources */ = {isa = PBXBuildFile; fileRef = 84B17B211772100D00DE86A7 /* thickness.png */; };
		84B17B381772100D00DE86A7 /* width.png in Resources */ = {isa = PBXBuildFile; fileRef = 84B17B221772100D00DE86A7 /* width.png */; };
		84B17B391772100D00DE86A7 /* Yellow.png in Resources */ = {isa = PBXBuildFile; fileRef = 84B17B231772100D00DE86A7 /* Yellow.png */; };
		84B45A4117707C29004A1E84 /* UIKit.framework in Frameworks */ = {isa = PBXBuildFile; fileRef = 84B45A4017707C29004A1E84 /* UIKit.framework */; };
		84B45A4317707C29004A1E84 /* Foundation.framework in Frameworks */ = {isa = PBXBuildFile; fileRef = 84B45A4217707C29004A1E84 /* Foundation.framework */; };
		84B45A4517707C29004A1E84 /* CoreGraphics.framework in Frameworks */ = {isa = PBXBuildFile; fileRef = 84B45A4417707C29004A1E84 /* CoreGraphics.framework */; };
		84B45A4B17707C29004A1E84 /* InfoPlist.strings in Resources */ = {isa = PBXBuildFile; fileRef = 84B45A4917707C29004A1E84 /* InfoPlist.strings */; };
		84B45A4D17707C29004A1E84 /* main.m in Sources */ = {isa = PBXBuildFile; fileRef = 84B45A4C17707C29004A1E84 /* main.m */; };
		84B45A5117707C29004A1E84 /* MTSAppDelegate.m in Sources */ = {isa = PBXBuildFile; fileRef = 84B45A5017707C29004A1E84 /* MTSAppDelegate.m */; };
		84B45A5317707C29004A1E84 /* Default.png in Resources */ = {isa = PBXBuildFile; fileRef = 84B45A5217707C29004A1E84 /* Default.png */; };
		84B45A5517707C29004A1E84 /* Default@2x.png in Resources */ = {isa = PBXBuildFile; fileRef = 84B45A5417707C29004A1E84 /* Default@2x.png */; };
		84B45A5717707C29004A1E84 /* Default-568h@2x.png in Resources */ = {isa = PBXBuildFile; fileRef = 84B45A5617707C29004A1E84 /* Default-568h@2x.png */; };
		84B45A6A177080BF004A1E84 /* MTSDataModel.xcdatamodeld in Sources */ = {isa = PBXBuildFile; fileRef = 84B45A68177080BF004A1E84 /* MTSDataModel.xcdatamodeld */; };
/* End PBXBuildFile section */

/* Begin PBXFileReference section */
		84A6DCC71779B9190063F521 /* MTSMenuViewController.h */ = {isa = PBXFileReference; fileEncoding = 4; lastKnownFileType = sourcecode.c.h; path = MTSMenuViewController.h; sourceTree = "<group>"; };
		84A6DCC81779B9190063F521 /* MTSMenuViewController.m */ = {isa = PBXFileReference; fileEncoding = 4; lastKnownFileType = sourcecode.c.objc; path = MTSMenuViewController.m; sourceTree = "<group>"; };
		84A6DCC91779B9190063F521 /* MTSMenuViewController.xib */ = {isa = PBXFileReference; fileEncoding = 4; lastKnownFileType = file.xib; path = MTSMenuViewController.xib; sourceTree = "<group>"; };
		84B07DF917730BBE009742B8 /* MTSRecorderViewController.h */ = {isa = PBXFileReference; fileEncoding = 4; lastKnownFileType = sourcecode.c.h; path = MTSRecorderViewController.h; sourceTree = "<group>"; };
		84B07DFA17730BBE009742B8 /* MTSRecorderViewController.m */ = {isa = PBXFileReference; fileEncoding = 4; lastKnownFileType = sourcecode.c.objc; path = MTSRecorderViewController.m; sourceTree = "<group>"; };
		84B07DFB17730BBE009742B8 /* MTSRecorderViewController.xib */ = {isa = PBXFileReference; fileEncoding = 4; lastKnownFileType = file.xib; path = MTSRecorderViewController.xib; sourceTree = "<group>"; };
		84B17AE51771E07900DE86A7 /* AVFoundation.framework */ = {isa = PBXFileReference; lastKnownFileType = wrapper.framework; name = AVFoundation.framework; path = System/Library/Frameworks/AVFoundation.framework; sourceTree = SDKROOT; };
		84B17AE81771E11F00DE86A7 /* jingle.mp3 */ = {isa = PBXFileReference; lastKnownFileType = audio.mp3; path = jingle.mp3; sourceTree = "<group>"; };
		84B17AEA1771E41500DE86A7 /* MTSAudioManager.h */ = {isa = PBXFileReference; fileEncoding = 4; lastKnownFileType = sourcecode.c.h; path = MTSAudioManager.h; sourceTree = "<group>"; };
		84B17AEB1771E41500DE86A7 /* MTSAudioManager.m */ = {isa = PBXFileReference; fileEncoding = 4; lastKnownFileType = sourcecode.c.objc; path = MTSAudioManager.m; sourceTree = "<group>"; };
		84B17AF2177201FB00DE86A7 /* MTSLogInViewController.h */ = {isa = PBXFileReference; fileEncoding = 4; lastKnownFileType = sourcecode.c.h; path = MTSLogInViewController.h; sourceTree = "<group>"; };
		84B17AF3177201FB00DE86A7 /* MTSLogInViewController.m */ = {isa = PBXFileReference; fileEncoding = 4; lastKnownFileType = sourcecode.c.objc; path = MTSLogInViewController.m; sourceTree = "<group>"; };
		84B17AF4177201FB00DE86A7 /* MTSLogInViewController.xib */ = {isa = PBXFileReference; fileEncoding = 4; lastKnownFileType = file.xib; path = MTSLogInViewController.xib; sourceTree = "<group>"; };
		84B17AF71772041900DE86A7 /* MTSCoreDataManager.h */ = {isa = PBXFileReference; fileEncoding = 4; lastKnownFileType = sourcecode.c.h; path = MTSCoreDataManager.h; sourceTree = "<group>"; };
		84B17AF81772041900DE86A7 /* MTSCoreDataManager.m */ = {isa = PBXFileReference; fileEncoding = 4; lastKnownFileType = sourcecode.c.objc; path = MTSCoreDataManager.m; sourceTree = "<group>"; };
		84B17AFA177204B200DE86A7 /* CoreData.framework */ = {isa = PBXFileReference; lastKnownFileType = wrapper.framework; name = CoreData.framework; path = System/Library/Frameworks/CoreData.framework; sourceTree = SDKROOT; };
		84B17B011772082300DE86A7 /* MTSRegisterViewController.h */ = {isa = PBXFileReference; fileEncoding = 4; lastKnownFileType = sourcecode.c.h; path = MTSRegisterViewController.h; sourceTree = "<group>"; };
		84B17B021772082300DE86A7 /* MTSRegisterViewController.m */ = {isa = PBXFileReference; fileEncoding = 4; lastKnownFileType = sourcecode.c.objc; path = MTSRegisterViewController.m; sourceTree = "<group>"; };
		84B17B031772082300DE86A7 /* MTSRegisterViewController.xib */ = {isa = PBXFileReference; fileEncoding = 4; lastKnownFileType = file.xib; path = MTSRegisterViewController.xib; sourceTree = "<group>"; };
		84B17B0817720D3D00DE86A7 /* MTSDrawingViewController.h */ = {isa = PBXFileReference; fileEncoding = 4; lastKnownFileType = sourcecode.c.h; path = MTSDrawingViewController.h; sourceTree = "<group>"; };
		84B17B0917720D3D00DE86A7 /* MTSDrawingViewController.m */ = {isa = PBXFileReference; fileEncoding = 4; lastKnownFileType = sourcecode.c.objc; path = MTSDrawingViewController.m; sourceTree = "<group>"; };
		84B17B0A17720D3D00DE86A7 /* MTSDrawingViewController.xib */ = {isa = PBXFileReference; fileEncoding = 4; lastKnownFileType = file.xib; path = MTSDrawingViewController.xib; sourceTree = "<group>"; };
		84B17B0E1772100D00DE86A7 /* b.png */ = {isa = PBXFileReference; lastKnownFileType = image.png; path = b.png; sourceTree = "<group>"; };
		84B17B0F1772100D00DE86A7 /* Black.png */ = {isa = PBXFileReference; lastKnownFileType = image.png; path = Black.png; sourceTree = "<group>"; };
		84B17B101772100D00DE86A7 /* Blue.png */ = {isa = PBXFileReference; lastKnownFileType = image.png; path = Blue.png; sourceTree = "<group>"; };
		84B17B111772100D00DE86A7 /* Brown.png */ = {isa = PBXFileReference; lastKnownFileType = image.png; path = Brown.png; sourceTree = "<group>"; };
		84B17B121772100D00DE86A7 /* Custom-Color.png */ = {isa = PBXFileReference; lastKnownFileType = image.png; path = "Custom-Color.png"; sourceTree = "<group>"; };
		84B17B131772100D00DE86A7 /* DarkGreen.png */ = {isa = PBXFileReference; lastKnownFileType = image.png; path = DarkGreen.png; sourceTree = "<group>"; };
		84B17B141772100D00DE86A7 /* DarkOrange.png */ = {isa = PBXFileReference; lastKnownFileType = image.png; path = DarkOrange.png; sourceTree = "<group>"; };
		84B17B151772100D00DE86A7 /* Eraser.png */ = {isa = PBXFileReference; lastKnownFileType = image.png; path = Eraser.png; sourceTree = "<group>"; };
		84B17B161772100D00DE86A7 /* g.png */ = {isa = PBXFileReference; lastKnownFileType = image.png; path = g.png; sourceTree = "<group>"; };
		84B17B171772100D00DE86A7 /* Grey.png */ = {isa = PBXFileReference; lastKnownFileType = image.png; path = Grey.png; sourceTree = "<group>"; };
		84B17B181772100D00DE86A7 /* LightBlue.png */ = {isa = PBXFileReference; lastKnownFileType = image.png; path = LightBlue.png; sourceTree = "<group>"; };
		84B17B191772100D00DE86A7 /* LightGreen.png */ = {isa = PBXFileReference; lastKnownFileType = image.png; path = LightGreen.png; sourceTree = "<group>"; };
		84B17B1A1772100D00DE86A7 /* Opacity.png */ = {isa = PBXFileReference; lastKnownFileType = image.png; path = Opacity.png; sourceTree = "<group>"; };
		84B17B1B1772100D00DE86A7 /* r.png */ = {isa = PBXFileReference; lastKnownFileType = image.png; path = r.png; sourceTree = "<group>"; };
		84B17B1C1772100D00DE86A7 /* Red.png */ = {isa = PBXFileReference; lastKnownFileType = image.png; path = Red.png; sourceTree = "<group>"; };
		84B17B1D1772100D00DE86A7 /* reset-Small.png */ = {isa = PBXFileReference; lastKnownFileType = image.png; path = "reset-Small.png"; sourceTree = "<group>"; };
		84B17B1E1772100D00DE86A7 /* Save-Small.png */ = {isa = PBXFileReference; lastKnownFileType = image.png; path = "Save-Small.png"; sourceTree = "<group>"; };
		84B17B1F1772100D00DE86A7 /* Setting-1.png */ = {isa = PBXFileReference; lastKnownFileType = image.png; path = "Setting-1.png"; sourceTree = "<group>"; };
		84B17B201772100D00DE86A7 /* Setting-2.png */ = {isa = PBXFileReference; lastKnownFileType = image.png; path = "Setting-2.png"; sourceTree = "<group>"; };
		84B17B211772100D00DE86A7 /* thickness.png */ = {isa = PBXFileReference; lastKnownFileType = image.png; path = thickness.png; sourceTree = "<group>"; };
		84B17B221772100D00DE86A7 /* width.png */ = {isa = PBXFileReference; lastKnownFileType = image.png; path = width.png; sourceTree = "<group>"; };
		84B17B231772100D00DE86A7 /* Yellow.png */ = {isa = PBXFileReference; lastKnownFileType = image.png; path = Yellow.png; sourceTree = "<group>"; };
		84B45A3D17707C29004A1E84 /* MessageToSanta.app */ = {isa = PBXFileReference; explicitFileType = wrapper.application; includeInIndex = 0; path = MessageToSanta.app; sourceTree = BUILT_PRODUCTS_DIR; };
		84B45A4017707C29004A1E84 /* UIKit.framework */ = {isa = PBXFileReference; lastKnownFileType = wrapper.framework; name = UIKit.framework; path = System/Library/Frameworks/UIKit.framework; sourceTree = SDKROOT; };
		84B45A4217707C29004A1E84 /* Foundation.framework */ = {isa = PBXFileReference; lastKnownFileType = wrapper.framework; name = Foundation.framework; path = System/Library/Frameworks/Foundation.framework; sourceTree = SDKROOT; };
		84B45A4417707C29004A1E84 /* CoreGraphics.framework */ = {isa = PBXFileReference; lastKnownFileType = wrapper.framework; name = CoreGraphics.framework; path = System/Library/Frameworks/CoreGraphics.framework; sourceTree = SDKROOT; };
		84B45A4817707C29004A1E84 /* MessageToSanta-Info.plist */ = {isa = PBXFileReference; lastKnownFileType = text.plist.xml; path = "MessageToSanta-Info.plist"; sourceTree = "<group>"; };
		84B45A4A17707C29004A1E84 /* en */ = {isa = PBXFileReference; lastKnownFileType = text.plist.strings; name = en; path = en.lproj/InfoPlist.strings; sourceTree = "<group>"; };
		84B45A4C17707C29004A1E84 /* main.m */ = {isa = PBXFileReference; lastKnownFileType = sourcecode.c.objc; path = main.m; sourceTree = "<group>"; };
		84B45A4E17707C29004A1E84 /* MessageToSanta-Prefix.pch */ = {isa = PBXFileReference; lastKnownFileType = sourcecode.c.h; path = "MessageToSanta-Prefix.pch"; sourceTree = "<group>"; };
		84B45A4F17707C29004A1E84 /* MTSAppDelegate.h */ = {isa = PBXFileReference; lastKnownFileType = sourcecode.c.h; path = MTSAppDelegate.h; sourceTree = "<group>"; };
		84B45A5017707C29004A1E84 /* MTSAppDelegate.m */ = {isa = PBXFileReference; lastKnownFileType = sourcecode.c.objc; path = MTSAppDelegate.m; sourceTree = "<group>"; };
		84B45A5217707C29004A1E84 /* Default.png */ = {isa = PBXFileReference; lastKnownFileType = image.png; path = Default.png; sourceTree = "<group>"; };
		84B45A5417707C29004A1E84 /* Default@2x.png */ = {isa = PBXFileReference; lastKnownFileType = image.png; path = "Default@2x.png"; sourceTree = "<group>"; };
		84B45A5617707C29004A1E84 /* Default-568h@2x.png */ = {isa = PBXFileReference; lastKnownFileType = image.png; path = "Default-568h@2x.png"; sourceTree = "<group>"; };
		84B45A69177080BF004A1E84 /* MTSDataModel.xcdatamodel */ = {isa = PBXFileReference; lastKnownFileType = wrapper.xcdatamodel; path = MTSDataModel.xcdatamodel; sourceTree = "<group>"; };
/* End PBXFileReference section */

/* Begin PBXFrameworksBuildPhase section */
		84B45A3A17707C29004A1E84 /* Frameworks */ = {
			isa = PBXFrameworksBuildPhase;
			buildActionMask = 2147483647;
			files = (
				84B17AFB177204B200DE86A7 /* CoreData.framework in Frameworks */,
				84B17AE61771E07900DE86A7 /* AVFoundation.framework in Frameworks */,
				84B45A4117707C29004A1E84 /* UIKit.framework in Frameworks */,
				84B45A4317707C29004A1E84 /* Foundation.framework in Frameworks */,
				84B45A4517707C29004A1E84 /* CoreGraphics.framework in Frameworks */,
			);
			runOnlyForDeploymentPostprocessing = 0;
		};
/* End PBXFrameworksBuildPhase section */

/* Begin PBXGroup section */
		84A6DCC11779AC060063F521 /* MailBoxController */ = {
			isa = PBXGroup;
			children = (
			);
			name = MailBoxController;
			sourceTree = "<group>";
		};
		84A6DCC21779AC190063F521 /* SendMailController */ = {
			isa = PBXGroup;
			children = (
			);
			name = SendMailController;
			sourceTree = "<group>";
		};
		84A6DCC31779B8450063F521 /* MenuViewController */ = {
			isa = PBXGroup;
			children = (
				84A6DCC71779B9190063F521 /* MTSMenuViewController.h */,
				84A6DCC81779B9190063F521 /* MTSMenuViewController.m */,
				84A6DCC91779B9190063F521 /* MTSMenuViewController.xib */,
			);
			name = MenuViewController;
			sourceTree = "<group>";
		};
		84A6DCC41779B8570063F521 /* AudioManager */ = {
			isa = PBXGroup;
			children = (
				84B17AEA1771E41500DE86A7 /* MTSAudioManager.h */,
				84B17AEB1771E41500DE86A7 /* MTSAudioManager.m */,
			);
			name = AudioManager;
			sourceTree = "<group>";
		};
		84A6DCC51779B8800063F521 /* DataManager */ = {
			isa = PBXGroup;
			children = (
			);
			name = DataManager;
			sourceTree = "<group>";
		};
		84A6DCC61779B8F30063F521 /* GameViewController */ = {
			isa = PBXGroup;
			children = (
			);
			name = GameViewController;
			sourceTree = "<group>";
		};
		84B07DF817730B94009742B8 /* RecorderController */ = {
			isa = PBXGroup;
			children = (
				84B07DF917730BBE009742B8 /* MTSRecorderViewController.h */,
				84B07DFA17730BBE009742B8 /* MTSRecorderViewController.m */,
				84B07DFB17730BBE009742B8 /* MTSRecorderViewController.xib */,
			);
			name = RecorderController;
			sourceTree = "<group>";
		};
		84B17AE71771E0E000DE86A7 /* Resources */ = {
			isa = PBXGroup;
			children = (
				84B17AE81771E11F00DE86A7 /* jingle.mp3 */,
			);
			path = Resources;
			sourceTree = "<group>";
		};
		84B17AFC177207D100DE86A7 /* LogInViewController */ = {
			isa = PBXGroup;
			children = (
				84B17AF2177201FB00DE86A7 /* MTSLogInViewController.h */,
				84B17AF3177201FB00DE86A7 /* MTSLogInViewController.m */,
				84B17AF4177201FB00DE86A7 /* MTSLogInViewController.xib */,
			);
			name = LogInViewController;
			sourceTree = "<group>";
		};
		84B17AFD177207EA00DE86A7 /* RegisterViewController */ = {
			isa = PBXGroup;
			children = (
				84B17B011772082300DE86A7 /* MTSRegisterViewController.h */,
				84B17B021772082300DE86A7 /* MTSRegisterViewController.m */,
				84B17B031772082300DE86A7 /* MTSRegisterViewController.xib */,
			);
			name = RegisterViewController;
			sourceTree = "<group>";
		};
		84B17B0717720D0700DE86A7 /* DrawingController */ = {
			isa = PBXGroup;
			children = (
				84B17B0817720D3D00DE86A7 /* MTSDrawingViewController.h */,
				84B17B0917720D3D00DE86A7 /* MTSDrawingViewController.m */,
				84B17B0A17720D3D00DE86A7 /* MTSDrawingViewController.xib */,
			);
			name = DrawingController;
			sourceTree = "<group>";
		};
		84B17B0D1772100D00DE86A7 /* Graphics */ = {
			isa = PBXGroup;
			children = (
				84B17B0E1772100D00DE86A7 /* b.png */,
				84B17B0F1772100D00DE86A7 /* Black.png */,
				84B17B101772100D00DE86A7 /* Blue.png */,
				84B17B111772100D00DE86A7 /* Brown.png */,
				84B17B121772100D00DE86A7 /* Custom-Color.png */,
				84B17B131772100D00DE86A7 /* DarkGreen.png */,
				84B17B141772100D00DE86A7 /* DarkOrange.png */,
				84B17B151772100D00DE86A7 /* Eraser.png */,
				84B17B161772100D00DE86A7 /* g.png */,
				84B17B171772100D00DE86A7 /* Grey.png */,
				84B17B181772100D00DE86A7 /* LightBlue.png */,
				84B17B191772100D00DE86A7 /* LightGreen.png */,
				84B17B1A1772100D00DE86A7 /* Opacity.png */,
				84B17B1B1772100D00DE86A7 /* r.png */,
				84B17B1C1772100D00DE86A7 /* Red.png */,
				84B17B1D1772100D00DE86A7 /* reset-Small.png */,
				84B17B1E1772100D00DE86A7 /* Save-Small.png */,
				84B17B1F1772100D00DE86A7 /* Setting-1.png */,
				84B17B201772100D00DE86A7 /* Setting-2.png */,
				84B17B211772100D00DE86A7 /* thickness.png */,
				84B17B221772100D00DE86A7 /* width.png */,
				84B17B231772100D00DE86A7 /* Yellow.png */,
			);
			path = Graphics;
			sourceTree = "<group>";
		};
		84B45A3417707C29004A1E84 = {
			isa = PBXGroup;
			children = (
				84B45A4617707C29004A1E84 /* MessageToSanta */,
				84B45A3F17707C29004A1E84 /* Frameworks */,
				84B45A3E17707C29004A1E84 /* Products */,
			);
			sourceTree = "<group>";
		};
		84B45A3E17707C29004A1E84 /* Products */ = {
			isa = PBXGroup;
			children = (
				84B45A3D17707C29004A1E84 /* MessageToSanta.app */,
			);
			name = Products;
			sourceTree = "<group>";
		};
		84B45A3F17707C29004A1E84 /* Frameworks */ = {
			isa = PBXGroup;
			children = (
				84B17AFA177204B200DE86A7 /* CoreData.framework */,
				84B17AE51771E07900DE86A7 /* AVFoundation.framework */,
				84B45A4017707C29004A1E84 /* UIKit.framework */,
				84B45A4217707C29004A1E84 /* Foundation.framework */,
				84B45A4417707C29004A1E84 /* CoreGraphics.framework */,
			);
			name = Frameworks;
			sourceTree = "<group>";
		};
		84B45A4617707C29004A1E84 /* MessageToSanta */ = {
			isa = PBXGroup;
			children = (
				84B17B0D1772100D00DE86A7 /* Graphics */,
				84B45A5D1770802B004A1E84 /* ViewControllers */,
				84B17AE71771E0E000DE86A7 /* Resources */,
				84B45A6C177080D2004A1E84 /* Models */,
				84B45A6B177080C5004A1E84 /* CoreData */,
				84B45A4F17707C29004A1E84 /* MTSAppDelegate.h */,
				84B45A5017707C29004A1E84 /* MTSAppDelegate.m */,
				84B45A4717707C29004A1E84 /* Supporting Files */,
			);
			path = MessageToSanta;
			sourceTree = "<group>";
		};
		84B45A4717707C29004A1E84 /* Supporting Files */ = {
			isa = PBXGroup;
			children = (
				84B45A4817707C29004A1E84 /* MessageToSanta-Info.plist */,
				84B45A4917707C29004A1E84 /* InfoPlist.strings */,
				84B45A4C17707C29004A1E84 /* main.m */,
				84B45A4E17707C29004A1E84 /* MessageToSanta-Prefix.pch */,
				84B45A5217707C29004A1E84 /* Default.png */,
				84B45A5417707C29004A1E84 /* Default@2x.png */,
				84B45A5617707C29004A1E84 /* Default-568h@2x.png */,
			);
			name = "Supporting Files";
			sourceTree = "<group>";
		};
		84B45A5D1770802B004A1E84 /* ViewControllers */ = {
			isa = PBXGroup;
			children = (
				84A6DCC61779B8F30063F521 /* GameViewController */,
				84A6DCC31779B8450063F521 /* MenuViewController */,
				84A6DCC21779AC190063F521 /* SendMailController */,
				84A6DCC11779AC060063F521 /* MailBoxController */,
				84B07DF817730B94009742B8 /* RecorderController */,
				84B17B0717720D0700DE86A7 /* DrawingController */,
				84B17AFD177207EA00DE86A7 /* RegisterViewController */,
				84B17AFC177207D100DE86A7 /* LogInViewController */,
			);
			name = ViewControllers;
			sourceTree = "<group>";
		};
		84B45A6B177080C5004A1E84 /* CoreData */ = {
			isa = PBXGroup;
			children = (
				84B45A68177080BF004A1E84 /* MTSDataModel.xcdatamodeld */,
				84B17AF71772041900DE86A7 /* MTSCoreDataManager.h */,
				84B17AF81772041900DE86A7 /* MTSCoreDataManager.m */,
			);
			name = CoreData;
			sourceTree = "<group>";
		};
		84B45A6C177080D2004A1E84 /* Models */ = {
			isa = PBXGroup;
			children = (
				84A6DCC51779B8800063F521 /* DataManager */,
				84A6DCC41779B8570063F521 /* AudioManager */,
			);
			name = Models;
			sourceTree = "<group>";
		};
/* End PBXGroup section */

/* Begin PBXNativeTarget section */
		84B45A3C17707C29004A1E84 /* MessageToSanta */ = {
			isa = PBXNativeTarget;
			buildConfigurationList = 84B45A5A17707C29004A1E84 /* Build configuration list for PBXNativeTarget "MessageToSanta" */;
			buildPhases = (
				84B45A3917707C29004A1E84 /* Sources */,
				84B45A3A17707C29004A1E84 /* Frameworks */,
				84B45A3B17707C29004A1E84 /* Resources */,
			);
			buildRules = (
			);
			dependencies = (
			);
			name = MessageToSanta;
			productName = MessageToSanta;
			productReference = 84B45A3D17707C29004A1E84 /* MessageToSanta.app */;
			productType = "com.apple.product-type.application";
		};
/* End PBXNativeTarget section */

/* Begin PBXProject section */
		84B45A3517707C29004A1E84 /* Project object */ = {
			isa = PBXProject;
			attributes = {
				CLASSPREFIX = MTS;
				LastUpgradeCheck = 0460;
				ORGANIZATIONNAME = Admin;
			};
			buildConfigurationList = 84B45A3817707C29004A1E84 /* Build configuration list for PBXProject "MessageToSanta" */;
			compatibilityVersion = "Xcode 3.2";
			developmentRegion = English;
			hasScannedForEncodings = 0;
			knownRegions = (
				en,
			);
			mainGroup = 84B45A3417707C29004A1E84;
			productRefGroup = 84B45A3E17707C29004A1E84 /* Products */;
			projectDirPath = "";
			projectRoot = "";
			targets = (
				84B45A3C17707C29004A1E84 /* MessageToSanta */,
			);
		};
/* End PBXProject section */

/* Begin PBXResourcesBuildPhase section */
		84B45A3B17707C29004A1E84 /* Resources */ = {
			isa = PBXResourcesBuildPhase;
			buildActionMask = 2147483647;
			files = (
				84B45A4B17707C29004A1E84 /* InfoPlist.strings in Resources */,
				84B45A5317707C29004A1E84 /* Default.png in Resources */,
				84B45A5517707C29004A1E84 /* Default@2x.png in Resources */,
				84B45A5717707C29004A1E84 /* Default-568h@2x.png in Resources */,
				84B17AE91771E11F00DE86A7 /* jingle.mp3 in Resources */,
				84B17AF6177201FB00DE86A7 /* MTSLogInViewController.xib in Resources */,
				84B17B051772082300DE86A7 /* MTSRegisterViewController.xib in Resources */,
				84B17B0C17720D3D00DE86A7 /* MTSDrawingViewController.xib in Resources */,
				84B17B241772100D00DE86A7 /* b.png in Resources */,
				84B17B251772100D00DE86A7 /* Black.png in Resources */,
				84B17B261772100D00DE86A7 /* Blue.png in Resources */,
				84B17B271772100D00DE86A7 /* Brown.png in Resources */,
				84B17B281772100D00DE86A7 /* Custom-Color.png in Resources */,
				84B17B291772100D00DE86A7 /* DarkGreen.png in Resources */,
				84B17B2A1772100D00DE86A7 /* DarkOrange.png in Resources */,
				84B17B2B1772100D00DE86A7 /* Eraser.png in Resources */,
				84B17B2C1772100D00DE86A7 /* g.png in Resources */,
				84B17B2D1772100D00DE86A7 /* Grey.png in Resources */,
				84B17B2E1772100D00DE86A7 /* LightBlue.png in Resources */,
				84B17B2F1772100D00DE86A7 /* LightGreen.png in Resources */,
				84B17B301772100D00DE86A7 /* Opacity.png in Resources */,
				84B17B311772100D00DE86A7 /* r.png in Resources */,
				84B17B321772100D00DE86A7 /* Red.png in Resources */,
				84B17B331772100D00DE86A7 /* reset-Small.png in Resources */,
				84B17B341772100D00DE86A7 /* Save-Small.png in Resources */,
				84B17B351772100D00DE86A7 /* Setting-1.png in Resources */,
				84B17B361772100D00DE86A7 /* Setting-2.png in Resources */,
				84B17B371772100D00DE86A7 /* thickness.png in Resources */,
				84B17B381772100D00DE86A7 /* width.png in Resources */,
				84B17B391772100D00DE86A7 /* Yellow.png in Resources */,
				84B07DFD17730BBE009742B8 /* MTSRecorderViewController.xib in Resources */,
				84A6DCCB1779B9190063F521 /* MTSMenuViewController.xib in Resources */,
			);
			runOnlyForDeploymentPostprocessing = 0;
		};
/* End PBXResourcesBuildPhase section */

/* Begin PBXSourcesBuildPhase section */
		84B45A3917707C29004A1E84 /* Sources */ = {
			isa = PBXSourcesBuildPhase;
			buildActionMask = 2147483647;
			files = (
				84B45A4D17707C29004A1E84 /* main.m in Sources */,
				84B45A5117707C29004A1E84 /* MTSAppDelegate.m in Sources */,
				84B45A6A177080BF004A1E84 /* MTSDataModel.xcdatamodeld in Sources */,
				84B17AEC1771E41500DE86A7 /* MTSAudioManager.m in Sources */,
				84B17AF5177201FB00DE86A7 /* MTSLogInViewController.m in Sources */,
				84B17AF91772041900DE86A7 /* MTSCoreDataManager.m in Sources */,
				84B17B041772082300DE86A7 /* MTSRegisterViewController.m in Sources */,
				84B17B0B17720D3D00DE86A7 /* MTSDrawingViewController.m in Sources */,
				84B07DFC17730BBE009742B8 /* MTSRecorderViewController.m in Sources */,
				84A6DCCA1779B9190063F521 /* MTSMenuViewController.m in Sources */,
			);
			runOnlyForDeploymentPostprocessing = 0;
		};
/* End PBXSourcesBuildPhase section */

/* Begin PBXVariantGroup section */
		84B45A4917707C29004A1E84 /* InfoPlist.strings */ = {
			isa = PBXVariantGroup;
			children = (
				84B45A4A17707C29004A1E84 /* en */,
			);
			name = InfoPlist.strings;
			sourceTree = "<group>";
		};
/* End PBXVariantGroup section */

/* Begin XCBuildConfiguration section */
		84B45A5817707C29004A1E84 /* Debug */ = {
			isa = XCBuildConfiguration;
			buildSettings = {
				ALWAYS_SEARCH_USER_PATHS = NO;
				CLANG_CXX_LANGUAGE_STANDARD = "gnu++0x";
				CLANG_CXX_LIBRARY = "libc++";
				CLANG_ENABLE_OBJC_ARC = YES;
				CLANG_WARN_CONSTANT_CONVERSION = YES;
				CLANG_WARN_EMPTY_BODY = YES;
				CLANG_WARN_ENUM_CONVERSION = YES;
				CLANG_WARN_INT_CONVERSION = YES;
				CLANG_WARN__DUPLICATE_METHOD_MATCH = YES;
				"CODE_SIGN_IDENTITY[sdk=iphoneos*]" = "iPhone Developer";
				COPY_PHASE_STRIP = NO;
				GCC_C_LANGUAGE_STANDARD = gnu99;
				GCC_DYNAMIC_NO_PIC = NO;
				GCC_OPTIMIZATION_LEVEL = 0;
				GCC_PREPROCESSOR_DEFINITIONS = (
					"DEBUG=1",
					"$(inherited)",
				);
				GCC_SYMBOLS_PRIVATE_EXTERN = NO;
				GCC_WARN_ABOUT_RETURN_TYPE = YES;
				GCC_WARN_UNINITIALIZED_AUTOS = YES;
				GCC_WARN_UNUSED_VARIABLE = YES;
				IPHONEOS_DEPLOYMENT_TARGET = 6.1;
				ONLY_ACTIVE_ARCH = YES;
				SDKROOT = iphoneos;
				TARGETED_DEVICE_FAMILY = "1,2";
			};
			name = Debug;
		};
		84B45A5917707C29004A1E84 /* Release */ = {
			isa = XCBuildConfiguration;
			buildSettings = {
				ALWAYS_SEARCH_USER_PATHS = NO;
				CLANG_CXX_LANGUAGE_STANDARD = "gnu++0x";
				CLANG_CXX_LIBRARY = "libc++";
				CLANG_ENABLE_OBJC_ARC = YES;
				CLANG_WARN_CONSTANT_CONVERSION = YES;
				CLANG_WARN_EMPTY_BODY = YES;
				CLANG_WARN_ENUM_CONVERSION = YES;
				CLANG_WARN_INT_CONVERSION = YES;
				CLANG_WARN__DUPLICATE_METHOD_MATCH = YES;
				"CODE_SIGN_IDENTITY[sdk=iphoneos*]" = "iPhone Developer";
				COPY_PHASE_STRIP = YES;
				GCC_C_LANGUAGE_STANDARD = gnu99;
				GCC_WARN_ABOUT_RETURN_TYPE = YES;
				GCC_WARN_UNINITIALIZED_AUTOS = YES;
				GCC_WARN_UNUSED_VARIABLE = YES;
				IPHONEOS_DEPLOYMENT_TARGET = 6.1;
				OTHER_CFLAGS = "-DNS_BLOCK_ASSERTIONS=1";
				SDKROOT = iphoneos;
				TARGETED_DEVICE_FAMILY = "1,2";
				VALIDATE_PRODUCT = YES;
			};
			name = Release;
		};
		84B45A5B17707C29004A1E84 /* Debug */ = {
			isa = XCBuildConfiguration;
			buildSettings = {
				GCC_PRECOMPILE_PREFIX_HEADER = YES;
				GCC_PREFIX_HEADER = "MessageToSanta/MessageToSanta-Prefix.pch";
				INFOPLIST_FILE = "MessageToSanta/MessageToSanta-Info.plist";
				PRODUCT_NAME = "$(TARGET_NAME)";
				WRAPPER_EXTENSION = app;
			};
			name = Debug;
		};
		84B45A5C17707C29004A1E84 /* Release */ = {
			isa = XCBuildConfiguration;
			buildSettings = {
				GCC_PRECOMPILE_PREFIX_HEADER = YES;
				GCC_PREFIX_HEADER = "MessageToSanta/MessageToSanta-Prefix.pch";
				INFOPLIST_FILE = "MessageToSanta/MessageToSanta-Info.plist";
				PRODUCT_NAME = "$(TARGET_NAME)";
				WRAPPER_EXTENSION = app;
			};
			name = Release;
		};
/* End XCBuildConfiguration section */

/* Begin XCConfigurationList section */
		84B45A3817707C29004A1E84 /* Build configuration list for PBXProject "MessageToSanta" */ = {
			isa = XCConfigurationList;
			buildConfigurations = (
				84B45A5817707C29004A1E84 /* Debug */,
				84B45A5917707C29004A1E84 /* Release */,
			);
			defaultConfigurationIsVisible = 0;
			defaultConfigurationName = Release;
		};
		84B45A5A17707C29004A1E84 /* Build configuration list for PBXNativeTarget "MessageToSanta" */ = {
			isa = XCConfigurationList;
			buildConfigurations = (
				84B45A5B17707C29004A1E84 /* Debug */,
				84B45A5C17707C29004A1E84 /* Release */,
			);
			defaultConfigurationIsVisible = 0;
			defaultConfigurationName = Release;
		};
/* End XCConfigurationList section */

/* Begin XCVersionGroup section */
		84B45A68177080BF004A1E84 /* MTSDataModel.xcdatamodeld */ = {
			isa = XCVersionGroup;
			children = (
				84B45A69177080BF004A1E84 /* MTSDataModel.xcdatamodel */,
			);
			currentVersion = 84B45A69177080BF004A1E84 /* MTSDataModel.xcdatamodel */;
			path = MTSDataModel.xcdatamodeld;
			sourceTree = "<group>";
			versionGroupType = wrapper.xcdatamodel;
		};
/* End XCVersionGroup section */
	};
	rootObject = 84B45A3517707C29004A1E84 /* Project object */;
}
